// !$*UTF8*$!
{
	archiveVersion = 1;
	classes = {
	};
	objectVersion = 46;
	objects = {

/* Begin PBXBuildFile section */
		03F9EA3826A63F4B6087C784 /* Pods_BevChat.framework in Frameworks */ = {isa = PBXBuildFile; fileRef = 00D5BCB1B30F96A3678C4532 /* Pods_BevChat.framework */; };
		FF58CC7B1D176C3E0094A274 /* GroupController.swift in Sources */ = {isa = PBXBuildFile; fileRef = FF58CC7A1D176C3E0094A274 /* GroupController.swift */; };
		FFADEABB1D1205DB0081618B /* User.swift in Sources */ = {isa = PBXBuildFile; fileRef = FFADEABA1D1205DB0081618B /* User.swift */; };
		FFADEABD1D1205E40081618B /* Group.swift in Sources */ = {isa = PBXBuildFile; fileRef = FFADEABC1D1205E40081618B /* Group.swift */; };
		FFADEABF1D1205EE0081618B /* Message.swift in Sources */ = {isa = PBXBuildFile; fileRef = FFADEABE1D1205EE0081618B /* Message.swift */; };
		FFADEAC41D1211800081618B /* ImageManager.swift in Sources */ = {isa = PBXBuildFile; fileRef = FFADEAC31D1211800081618B /* ImageManager.swift */; };
		FFADEAC61D1370FD0081618B /* GroupDetailViewController.swift in Sources */ = {isa = PBXBuildFile; fileRef = FFADEAC51D1370FD0081618B /* GroupDetailViewController.swift */; };
		FFE0FEE81D10834700376A50 /* AppDelegate.swift in Sources */ = {isa = PBXBuildFile; fileRef = FFE0FEE71D10834700376A50 /* AppDelegate.swift */; };
		FFE0FEED1D10834700376A50 /* Main.storyboard in Resources */ = {isa = PBXBuildFile; fileRef = FFE0FEEB1D10834700376A50 /* Main.storyboard */; };
		FFE0FEEF1D10834700376A50 /* Assets.xcassets in Resources */ = {isa = PBXBuildFile; fileRef = FFE0FEEE1D10834700376A50 /* Assets.xcassets */; };
		FFE0FEF21D10834700376A50 /* LaunchScreen.storyboard in Resources */ = {isa = PBXBuildFile; fileRef = FFE0FEF01D10834700376A50 /* LaunchScreen.storyboard */; };
		FFE0FEFA1D10975000376A50 /* LogInViewController.swift in Sources */ = {isa = PBXBuildFile; fileRef = FFE0FEF91D10975000376A50 /* LogInViewController.swift */; };
		FFE0FEFC1D10976200376A50 /* CreateAccountViewController.swift in Sources */ = {isa = PBXBuildFile; fileRef = FFE0FEFB1D10976200376A50 /* CreateAccountViewController.swift */; };
		FFE0FEFE1D10979100376A50 /* GroupListTableViewController.swift in Sources */ = {isa = PBXBuildFile; fileRef = FFE0FEFD1D10979100376A50 /* GroupListTableViewController.swift */; };
		FFE0FF061D1097DB00376A50 /* MessageController.swift in Sources */ = {isa = PBXBuildFile; fileRef = FFE0FF051D1097DB00376A50 /* MessageController.swift */; };
		FFE0FF081D1097E700376A50 /* UserController.swift in Sources */ = {isa = PBXBuildFile; fileRef = FFE0FF071D1097E700376A50 /* UserController.swift */; };
		FFE0FF0A1D1097F300376A50 /* FirebaseController.swift in Sources */ = {isa = PBXBuildFile; fileRef = FFE0FF091D1097F300376A50 /* FirebaseController.swift */; };
		FFEB4E2B1D2585CE007A7968 /* ViewControllerExtension.swift in Sources */ = {isa = PBXBuildFile; fileRef = FFEB4E2A1D2585CE007A7968 /* ViewControllerExtension.swift */; };
		FFF044BC1D1492C10024EB08 /* GoogleService-Info.plist in Resources */ = {isa = PBXBuildFile; fileRef = FFF044BB1D1492C10024EB08 /* GoogleService-Info.plist */; };
/* End PBXBuildFile section */

/* Begin PBXFileReference section */
		00D5BCB1B30F96A3678C4532 /* Pods_BevChat.framework */ = {isa = PBXFileReference; explicitFileType = wrapper.framework; includeInIndex = 0; path = Pods_BevChat.framework; sourceTree = BUILT_PRODUCTS_DIR; };
		54455ECC0E065D4D8E10EE4D /* Pods-BevChat.release.xcconfig */ = {isa = PBXFileReference; includeInIndex = 1; lastKnownFileType = text.xcconfig; name = "Pods-BevChat.release.xcconfig"; path = "Pods/Target Support Files/Pods-BevChat/Pods-BevChat.release.xcconfig"; sourceTree = "<group>"; };
		C80C2F360073526D42134E62 /* Pods-BevChat.debug.xcconfig */ = {isa = PBXFileReference; includeInIndex = 1; lastKnownFileType = text.xcconfig; name = "Pods-BevChat.debug.xcconfig"; path = "Pods/Target Support Files/Pods-BevChat/Pods-BevChat.debug.xcconfig"; sourceTree = "<group>"; };
		FF58CC7A1D176C3E0094A274 /* GroupController.swift */ = {isa = PBXFileReference; fileEncoding = 4; lastKnownFileType = sourcecode.swift; path = GroupController.swift; sourceTree = "<group>"; };
		FFADEABA1D1205DB0081618B /* User.swift */ = {isa = PBXFileReference; fileEncoding = 4; lastKnownFileType = sourcecode.swift; path = User.swift; sourceTree = "<group>"; };
		FFADEABC1D1205E40081618B /* Group.swift */ = {isa = PBXFileReference; fileEncoding = 4; lastKnownFileType = sourcecode.swift; path = Group.swift; sourceTree = "<group>"; };
		FFADEABE1D1205EE0081618B /* Message.swift */ = {isa = PBXFileReference; fileEncoding = 4; lastKnownFileType = sourcecode.swift; path = Message.swift; sourceTree = "<group>"; };
		FFADEAC31D1211800081618B /* ImageManager.swift */ = {isa = PBXFileReference; fileEncoding = 4; lastKnownFileType = sourcecode.swift; path = ImageManager.swift; sourceTree = "<group>"; };
		FFADEAC51D1370FD0081618B /* GroupDetailViewController.swift */ = {isa = PBXFileReference; fileEncoding = 4; lastKnownFileType = sourcecode.swift; path = GroupDetailViewController.swift; sourceTree = "<group>"; };
		FFE0FEE41D10834700376A50 /* BevChat.app */ = {isa = PBXFileReference; explicitFileType = wrapper.application; includeInIndex = 0; path = BevChat.app; sourceTree = BUILT_PRODUCTS_DIR; };
		FFE0FEE71D10834700376A50 /* AppDelegate.swift */ = {isa = PBXFileReference; lastKnownFileType = sourcecode.swift; path = AppDelegate.swift; sourceTree = "<group>"; };
		FFE0FEEC1D10834700376A50 /* Base */ = {isa = PBXFileReference; lastKnownFileType = file.storyboard; name = Base; path = Base.lproj/Main.storyboard; sourceTree = "<group>"; };
		FFE0FEEE1D10834700376A50 /* Assets.xcassets */ = {isa = PBXFileReference; lastKnownFileType = folder.assetcatalog; path = Assets.xcassets; sourceTree = "<group>"; };
		FFE0FEF11D10834700376A50 /* Base */ = {isa = PBXFileReference; lastKnownFileType = file.storyboard; name = Base; path = Base.lproj/LaunchScreen.storyboard; sourceTree = "<group>"; };
		FFE0FEF31D10834700376A50 /* Info.plist */ = {isa = PBXFileReference; lastKnownFileType = text.plist.xml; path = Info.plist; sourceTree = "<group>"; };
		FFE0FEF91D10975000376A50 /* LogInViewController.swift */ = {isa = PBXFileReference; fileEncoding = 4; lastKnownFileType = sourcecode.swift; path = LogInViewController.swift; sourceTree = "<group>"; };
		FFE0FEFB1D10976200376A50 /* CreateAccountViewController.swift */ = {isa = PBXFileReference; fileEncoding = 4; lastKnownFileType = sourcecode.swift; path = CreateAccountViewController.swift; sourceTree = "<group>"; };
		FFE0FEFD1D10979100376A50 /* GroupListTableViewController.swift */ = {isa = PBXFileReference; fileEncoding = 4; lastKnownFileType = sourcecode.swift; path = GroupListTableViewController.swift; sourceTree = "<group>"; };
		FFE0FF051D1097DB00376A50 /* MessageController.swift */ = {isa = PBXFileReference; fileEncoding = 4; lastKnownFileType = sourcecode.swift; path = MessageController.swift; sourceTree = "<group>"; };
		FFE0FF071D1097E700376A50 /* UserController.swift */ = {isa = PBXFileReference; fileEncoding = 4; lastKnownFileType = sourcecode.swift; path = UserController.swift; sourceTree = "<group>"; };
		FFE0FF091D1097F300376A50 /* FirebaseController.swift */ = {isa = PBXFileReference; fileEncoding = 4; lastKnownFileType = sourcecode.swift; path = FirebaseController.swift; sourceTree = "<group>"; };
		FFEB4E2A1D2585CE007A7968 /* ViewControllerExtension.swift */ = {isa = PBXFileReference; fileEncoding = 4; lastKnownFileType = sourcecode.swift; path = ViewControllerExtension.swift; sourceTree = "<group>"; };
		FFF044BB1D1492C10024EB08 /* GoogleService-Info.plist */ = {isa = PBXFileReference; fileEncoding = 4; lastKnownFileType = text.plist.xml; path = "GoogleService-Info.plist"; sourceTree = "<group>"; };
/* End PBXFileReference section */

/* Begin PBXFrameworksBuildPhase section */
		FFE0FEE11D10834700376A50 /* Frameworks */ = {
			isa = PBXFrameworksBuildPhase;
			buildActionMask = 2147483647;
			files = (
				03F9EA3826A63F4B6087C784 /* Pods_BevChat.framework in Frameworks */,
			);
			runOnlyForDeploymentPostprocessing = 0;
		};
/* End PBXFrameworksBuildPhase section */

/* Begin PBXGroup section */
		1DE6625D83ACCF305AC76CE4 /* Frameworks */ = {
			isa = PBXGroup;
			children = (
				00D5BCB1B30F96A3678C4532 /* Pods_BevChat.framework */,
			);
			name = Frameworks;
			sourceTree = "<group>";
		};
		BC038E0072CD493CFC5A826E /* Pods */ = {
			isa = PBXGroup;
			children = (
				C80C2F360073526D42134E62 /* Pods-BevChat.debug.xcconfig */,
				54455ECC0E065D4D8E10EE4D /* Pods-BevChat.release.xcconfig */,
			);
			name = Pods;
			sourceTree = "<group>";
		};
		FFADEAC01D1205F30081618B /* Model */ = {
			isa = PBXGroup;
			children = (
				FFADEABA1D1205DB0081618B /* User.swift */,
				FFADEABC1D1205E40081618B /* Group.swift */,
				FFADEABE1D1205EE0081618B /* Message.swift */,
			);
			name = Model;
			sourceTree = "<group>";
		};
		FFE0FEDB1D10834700376A50 = {
			isa = PBXGroup;
			children = (
				FFE0FEE61D10834700376A50 /* BevChat */,
				FFE0FEE51D10834700376A50 /* Products */,
				BC038E0072CD493CFC5A826E /* Pods */,
				1DE6625D83ACCF305AC76CE4 /* Frameworks */,
			);
			sourceTree = "<group>";
		};
		FFE0FEE51D10834700376A50 /* Products */ = {
			isa = PBXGroup;
			children = (
				FFE0FEE41D10834700376A50 /* BevChat.app */,
			);
			name = Products;
			sourceTree = "<group>";
		};
		FFE0FEE61D10834700376A50 /* BevChat */ = {
			isa = PBXGroup;
			children = (
				FFE0FEE71D10834700376A50 /* AppDelegate.swift */,
				FFE0FF041D1097BC00376A50 /* View Controllers */,
				FFE0FF0B1D1097F900376A50 /* Controllers */,
				FFADEAC01D1205F30081618B /* Model */,
				FFE0FEEB1D10834700376A50 /* Main.storyboard */,
				FFE0FEEE1D10834700376A50 /* Assets.xcassets */,
				FFE0FEF01D10834700376A50 /* LaunchScreen.storyboard */,
				FFF044BB1D1492C10024EB08 /* GoogleService-Info.plist */,
				FFE0FEF31D10834700376A50 /* Info.plist */,
			);
			path = BevChat;
			sourceTree = "<group>";
		};
		FFE0FF041D1097BC00376A50 /* View Controllers */ = {
			isa = PBXGroup;
			children = (
				FFE0FEF91D10975000376A50 /* LogInViewController.swift */,
				FFE0FEFB1D10976200376A50 /* CreateAccountViewController.swift */,
				FFE0FEFD1D10979100376A50 /* GroupListTableViewController.swift */,
				FFADEAC51D1370FD0081618B /* GroupDetailViewController.swift */,
			);
			name = "View Controllers";
			sourceTree = "<group>";
		};
		FFE0FF0B1D1097F900376A50 /* Controllers */ = {
			isa = PBXGroup;
			children = (
				FFE0FF051D1097DB00376A50 /* MessageController.swift */,
				FF58CC7A1D176C3E0094A274 /* GroupController.swift */,
				FFE0FF071D1097E700376A50 /* UserController.swift */,
				FFE0FF091D1097F300376A50 /* FirebaseController.swift */,
				FFADEAC31D1211800081618B /* ImageManager.swift */,
				FFEB4E2A1D2585CE007A7968 /* ViewControllerExtension.swift */,
			);
			name = Controllers;
			sourceTree = "<group>";
		};
/* End PBXGroup section */

/* Begin PBXNativeTarget section */
		FFE0FEE31D10834700376A50 /* BevChat */ = {
			isa = PBXNativeTarget;
			buildConfigurationList = FFE0FEF61D10834700376A50 /* Build configuration list for PBXNativeTarget "BevChat" */;
			buildPhases = (
				D9A5DB14DACE027A3C9234FF /* [CP] Check Pods Manifest.lock */,
				FFE0FEE01D10834700376A50 /* Sources */,
				FFE0FEE11D10834700376A50 /* Frameworks */,
				FFE0FEE21D10834700376A50 /* Resources */,
				9823D93E30C1EFB4F66C0989 /* [CP] Embed Pods Frameworks */,
				D7A4998AB037C86D768961C6 /* [CP] Copy Pods Resources */,
			);
			buildRules = (
			);
			dependencies = (
			);
			name = BevChat;
			productName = BevChat;
			productReference = FFE0FEE41D10834700376A50 /* BevChat.app */;
			productType = "com.apple.product-type.application";
		};
/* End PBXNativeTarget section */

/* Begin PBXProject section */
		FFE0FEDC1D10834700376A50 /* Project object */ = {
			isa = PBXProject;
			attributes = {
				LastSwiftUpdateCheck = 0730;
				LastUpgradeCheck = 0730;
				ORGANIZATIONNAME = "Ross McIlwaine";
				TargetAttributes = {
					FFE0FEE31D10834700376A50 = {
						CreatedOnToolsVersion = 7.3.1;
						DevelopmentTeam = 8859BW6G67;
					};
				};
			};
			buildConfigurationList = FFE0FEDF1D10834700376A50 /* Build configuration list for PBXProject "BevChat" */;
			compatibilityVersion = "Xcode 3.2";
			developmentRegion = English;
			hasScannedForEncodings = 0;
			knownRegions = (
				en,
				Base,
			);
			mainGroup = FFE0FEDB1D10834700376A50;
			productRefGroup = FFE0FEE51D10834700376A50 /* Products */;
			projectDirPath = "";
			projectRoot = "";
			targets = (
				FFE0FEE31D10834700376A50 /* BevChat */,
			);
		};
/* End PBXProject section */

/* Begin PBXResourcesBuildPhase section */
		FFE0FEE21D10834700376A50 /* Resources */ = {
			isa = PBXResourcesBuildPhase;
			buildActionMask = 2147483647;
			files = (
				FFE0FEF21D10834700376A50 /* LaunchScreen.storyboard in Resources */,
				FFF044BC1D1492C10024EB08 /* GoogleService-Info.plist in Resources */,
				FFE0FEEF1D10834700376A50 /* Assets.xcassets in Resources */,
				FFE0FEED1D10834700376A50 /* Main.storyboard in Resources */,
			);
			runOnlyForDeploymentPostprocessing = 0;
		};
/* End PBXResourcesBuildPhase section */

/* Begin PBXShellScriptBuildPhase section */
		9823D93E30C1EFB4F66C0989 /* [CP] Embed Pods Frameworks */ = {
			isa = PBXShellScriptBuildPhase;
			buildActionMask = 2147483647;
			files = (
			);
			inputPaths = (
			);
			name = "[CP] Embed Pods Frameworks";
			outputPaths = (
			);
			runOnlyForDeploymentPostprocessing = 0;
			shellPath = /bin/sh;
			shellScript = "\"${SRCROOT}/Pods/Target Support Files/Pods-BevChat/Pods-BevChat-frameworks.sh\"\n";
			showEnvVarsInLog = 0;
		};
		D7A4998AB037C86D768961C6 /* [CP] Copy Pods Resources */ = {
			isa = PBXShellScriptBuildPhase;
			buildActionMask = 2147483647;
			files = (
			);
			inputPaths = (
			);
			name = "[CP] Copy Pods Resources";
			outputPaths = (
			);
			runOnlyForDeploymentPostprocessing = 0;
			shellPath = /bin/sh;
			shellScript = "\"${SRCROOT}/Pods/Target Support Files/Pods-BevChat/Pods-BevChat-resources.sh\"\n";
			showEnvVarsInLog = 0;
		};
		D9A5DB14DACE027A3C9234FF /* [CP] Check Pods Manifest.lock */ = {
			isa = PBXShellScriptBuildPhase;
			buildActionMask = 2147483647;
			files = (
			);
			inputPaths = (
			);
			name = "[CP] Check Pods Manifest.lock";
			outputPaths = (
			);
			runOnlyForDeploymentPostprocessing = 0;
			shellPath = /bin/sh;
			shellScript = "diff \"${PODS_ROOT}/../Podfile.lock\" \"${PODS_ROOT}/Manifest.lock\" > /dev/null\nif [[ $? != 0 ]] ; then\n    cat << EOM\nerror: The sandbox is not in sync with the Podfile.lock. Run 'pod install' or update your CocoaPods installation.\nEOM\n    exit 1\nfi\n";
			showEnvVarsInLog = 0;
		};
/* End PBXShellScriptBuildPhase section */

/* Begin PBXSourcesBuildPhase section */
		FFE0FEE01D10834700376A50 /* Sources */ = {
			isa = PBXSourcesBuildPhase;
			buildActionMask = 2147483647;
			files = (
				FFADEABD1D1205E40081618B /* Group.swift in Sources */,
				FFE0FF0A1D1097F300376A50 /* FirebaseController.swift in Sources */,
				FFE0FEFC1D10976200376A50 /* CreateAccountViewController.swift in Sources */,
				FFE0FF081D1097E700376A50 /* UserController.swift in Sources */,
				FFADEAC61D1370FD0081618B /* GroupDetailViewController.swift in Sources */,
				FFE0FF061D1097DB00376A50 /* MessageController.swift in Sources */,
				FFE0FEFE1D10979100376A50 /* GroupListTableViewController.swift in Sources */,
				FFE0FEFA1D10975000376A50 /* LogInViewController.swift in Sources */,
				FFEB4E2B1D2585CE007A7968 /* ViewControllerExtension.swift in Sources */,
				FFADEAC41D1211800081618B /* ImageManager.swift in Sources */,
				FF58CC7B1D176C3E0094A274 /* GroupController.swift in Sources */,
				FFE0FEE81D10834700376A50 /* AppDelegate.swift in Sources */,
				FFADEABF1D1205EE0081618B /* Message.swift in Sources */,
				FFADEABB1D1205DB0081618B /* User.swift in Sources */,
			);
			runOnlyForDeploymentPostprocessing = 0;
		};
/* End PBXSourcesBuildPhase section */

/* Begin PBXVariantGroup section */
		FFE0FEEB1D10834700376A50 /* Main.storyboard */ = {
			isa = PBXVariantGroup;
			children = (
				FFE0FEEC1D10834700376A50 /* Base */,
			);
			name = Main.storyboard;
			sourceTree = "<group>";
		};
		FFE0FEF01D10834700376A50 /* LaunchScreen.storyboard */ = {
			isa = PBXVariantGroup;
			children = (
				FFE0FEF11D10834700376A50 /* Base */,
			);
			name = LaunchScreen.storyboard;
			sourceTree = "<group>";
		};
/* End PBXVariantGroup section */

/* Begin XCBuildConfiguration section */
		FFE0FEF41D10834700376A50 /* Debug */ = {
			isa = XCBuildConfiguration;
			buildSettings = {
				ALWAYS_SEARCH_USER_PATHS = NO;
				CLANG_ANALYZER_NONNULL = YES;
				CLANG_CXX_LANGUAGE_STANDARD = "gnu++0x";
				CLANG_CXX_LIBRARY = "libc++";
				CLANG_ENABLE_MODULES = YES;
				CLANG_ENABLE_OBJC_ARC = YES;
				CLANG_WARN_BOOL_CONVERSION = YES;
				CLANG_WARN_CONSTANT_CONVERSION = YES;
				CLANG_WARN_DIRECT_OBJC_ISA_USAGE = YES_ERROR;
				CLANG_WARN_EMPTY_BODY = YES;
				CLANG_WARN_ENUM_CONVERSION = YES;
				CLANG_WARN_INT_CONVERSION = YES;
				CLANG_WARN_OBJC_ROOT_CLASS = YES_ERROR;
				CLANG_WARN_UNREACHABLE_CODE = YES;
				CLANG_WARN__DUPLICATE_METHOD_MATCH = YES;
				CODE_SIGN_IDENTITY = "iPhone Developer";
				"CODE_SIGN_IDENTITY[sdk=iphoneos*]" = "iPhone Developer";
				COPY_PHASE_STRIP = NO;
				DEBUG_INFORMATION_FORMAT = dwarf;
				ENABLE_STRICT_OBJC_MSGSEND = YES;
				ENABLE_TESTABILITY = YES;
				GCC_C_LANGUAGE_STANDARD = gnu99;
				GCC_DYNAMIC_NO_PIC = NO;
				GCC_NO_COMMON_BLOCKS = YES;
				GCC_OPTIMIZATION_LEVEL = 0;
				GCC_PREPROCESSOR_DEFINITIONS = (
					"DEBUG=1",
					"$(inherited)",
				);
				GCC_WARN_64_TO_32_BIT_CONVERSION = YES;
				GCC_WARN_ABOUT_RETURN_TYPE = YES_ERROR;
				GCC_WARN_UNDECLARED_SELECTOR = YES;
				GCC_WARN_UNINITIALIZED_AUTOS = YES_AGGRESSIVE;
				GCC_WARN_UNUSED_FUNCTION = YES;
				GCC_WARN_UNUSED_VARIABLE = YES;
				IPHONEOS_DEPLOYMENT_TARGET = 9.3;
				MTL_ENABLE_DEBUG_INFO = YES;
				ONLY_ACTIVE_ARCH = YES;
				SDKROOT = iphoneos;
				SWIFT_OPTIMIZATION_LEVEL = "-Onone";
			};
			name = Debug;
		};
		FFE0FEF51D10834700376A50 /* Release */ = {
			isa = XCBuildConfiguration;
			buildSettings = {
				ALWAYS_SEARCH_USER_PATHS = NO;
				CLANG_ANALYZER_NONNULL = YES;
				CLANG_CXX_LANGUAGE_STANDARD = "gnu++0x";
				CLANG_CXX_LIBRARY = "libc++";
				CLANG_ENABLE_MODULES = YES;
				CLANG_ENABLE_OBJC_ARC = YES;
				CLANG_WARN_BOOL_CONVERSION = YES;
				CLANG_WARN_CONSTANT_CONVERSION = YES;
				CLANG_WARN_DIRECT_OBJC_ISA_USAGE = YES_ERROR;
				CLANG_WARN_EMPTY_BODY = YES;
				CLANG_WARN_ENUM_CONVERSION = YES;
				CLANG_WARN_INT_CONVERSION = YES;
				CLANG_WARN_OBJC_ROOT_CLASS = YES_ERROR;
				CLANG_WARN_UNREACHABLE_CODE = YES;
				CLANG_WARN__DUPLICATE_METHOD_MATCH = YES;
				CODE_SIGN_IDENTITY = "iPhone Distribution";
				"CODE_SIGN_IDENTITY[sdk=iphoneos*]" = "iPhone Distribution";
				COPY_PHASE_STRIP = NO;
				DEBUG_INFORMATION_FORMAT = "dwarf-with-dsym";
				ENABLE_NS_ASSERTIONS = NO;
				ENABLE_STRICT_OBJC_MSGSEND = YES;
				GCC_C_LANGUAGE_STANDARD = gnu99;
				GCC_NO_COMMON_BLOCKS = YES;
				GCC_WARN_64_TO_32_BIT_CONVERSION = YES;
				GCC_WARN_ABOUT_RETURN_TYPE = YES_ERROR;
				GCC_WARN_UNDECLARED_SELECTOR = YES;
				GCC_WARN_UNINITIALIZED_AUTOS = YES_AGGRESSIVE;
				GCC_WARN_UNUSED_FUNCTION = YES;
				GCC_WARN_UNUSED_VARIABLE = YES;
				IPHONEOS_DEPLOYMENT_TARGET = 9.3;
				MTL_ENABLE_DEBUG_INFO = NO;
				SDKROOT = iphoneos;
				VALIDATE_PRODUCT = YES;
			};
			name = Release;
		};
		FFE0FEF71D10834700376A50 /* Debug */ = {
			isa = XCBuildConfiguration;
			baseConfigurationReference = C80C2F360073526D42134E62 /* Pods-BevChat.debug.xcconfig */;
			buildSettings = {
				ASSETCATALOG_COMPILER_APPICON_NAME = AppIcon;
				CODE_SIGN_IDENTITY = "iPhone Developer";
				"CODE_SIGN_IDENTITY[sdk=iphoneos*]" = "iPhone Developer";
				INFOPLIST_FILE = BevChat/Info.plist;
				LD_RUNPATH_SEARCH_PATHS = "$(inherited) @executable_path/Frameworks";
				PRODUCT_BUNDLE_IDENTIFIER = com.rossmcilwaine.BevChat;
				PRODUCT_NAME = "$(TARGET_NAME)";
				PROVISIONING_PROFILE = "";
			};
			name = Debug;
		};
		FFE0FEF81D10834700376A50 /* Release */ = {
			isa = XCBuildConfiguration;
			baseConfigurationReference = 54455ECC0E065D4D8E10EE4D /* Pods-BevChat.release.xcconfig */;
			buildSettings = {
				ASSETCATALOG_COMPILER_APPICON_NAME = AppIcon;
				CODE_SIGN_IDENTITY = "iPhone Developer";
				"CODE_SIGN_IDENTITY[sdk=iphoneos*]" = "iPhone Developer";
				INFOPLIST_FILE = BevChat/Info.plist;
				LD_RUNPATH_SEARCH_PATHS = "$(inherited) @executable_path/Frameworks";
				PRODUCT_BUNDLE_IDENTIFIER = com.rossmcilwaine.BevChat;
				PRODUCT_NAME = "$(TARGET_NAME)";
				PROVISIONING_PROFILE = "";
			};
			name = Release;
		};
/* End XCBuildConfiguration section */

/* Begin XCConfigurationList section */
		FFE0FEDF1D10834700376A50 /* Build configuration list for PBXProject "BevChat" */ = {
			isa = XCConfigurationList;
			buildConfigurations = (
				FFE0FEF41D10834700376A50 /* Debug */,
				FFE0FEF51D10834700376A50 /* Release */,
			);
			defaultConfigurationIsVisible = 0;
			defaultConfigurationName = Release;
		};
		FFE0FEF61D10834700376A50 /* Build configuration list for PBXNativeTarget "BevChat" */ = {
			isa = XCConfigurationList;
			buildConfigurations = (
				FFE0FEF71D10834700376A50 /* Debug */,
				FFE0FEF81D10834700376A50 /* Release */,
			);
			defaultConfigurationIsVisible = 0;
			defaultConfigurationName = Release;
		};
/* End XCConfigurationList section */
	};
	rootObject = FFE0FEDC1D10834700376A50 /* Project object */;
}
